
Microsoft Visual Studio Solution File, Format Version 12.00
# Visual Studio Version 17
VisualStudioVersion = 17.11.34929.205
MinimumVisualStudioVersion = 10.0.40219.1
Project("{FAE04EC0-301F-11D3-BF4B-00C04F79EFBC}") = "DotNet8.MiniPayrollManagementSystem", "DotNet8.MiniPayrollManagementSystem\DotNet8.MiniPayrollManagementSystem.csproj", "{E95B4399-A5BE-4EC3-8387-9526301D1A85}"
EndProject
Project("{FAE04EC0-301F-11D3-BF4B-00C04F79EFBC}") = "DotNet8.MiniPayrollManagementSystem.Models", "DotNet8.MiniPayrollManagementSystem.Models\DotNet8.MiniPayrollManagementSystem.Models.csproj", "{4E33D06A-590D-4A84-85F6-D19BC5032025}"
EndProject
Project("{FAE04EC0-301F-11D3-BF4B-00C04F79EFBC}") = "DotNet8.MiniPayrollManagementSystem.DbService", "DotNet8.MiniPayrollManagementSystem.DbService\DotNet8.MiniPayrollManagementSystem.DbService.csproj", "{70BF0586-7C27-4031-889C-FC70CEEA9EC1}"
EndProject
Global
	GlobalSection(SolutionConfigurationPlatforms) = preSolution
		Debug|Any CPU = Debug|Any CPU
		Release|Any CPU = Release|Any CPU
	EndGlobalSection
	GlobalSection(ProjectConfigurationPlatforms) = postSolution
		{E95B4399-A5BE-4EC3-8387-9526301D1A85}.Debug|Any CPU.ActiveCfg = Debug|Any CPU
		{E95B4399-A5BE-4EC3-8387-9526301D1A85}.Debug|Any CPU.Build.0 = Debug|Any CPU
		{E95B4399-A5BE-4EC3-8387-9526301D1A85}.Release|Any CPU.ActiveCfg = Release|Any CPU
		{E95B4399-A5BE-4EC3-8387-9526301D1A85}.Release|Any CPU.Build.0 = Release|Any CPU
		{4E33D06A-590D-4A84-85F6-D19BC5032025}.Debug|Any CPU.ActiveCfg = Debug|Any CPU
		{4E33D06A-590D-4A84-85F6-D19BC5032025}.Debug|Any CPU.Build.0 = Debug|Any CPU
		{4E33D06A-590D-4A84-85F6-D19BC5032025}.Release|Any CPU.ActiveCfg = Release|Any CPU
		{4E33D06A-590D-4A84-85F6-D19BC5032025}.Release|Any CPU.Build.0 = Release|Any CPU
		{70BF0586-7C27-4031-889C-FC70CEEA9EC1}.Debug|Any CPU.ActiveCfg = Debug|Any CPU
		{70BF0586-7C27-4031-889C-FC70CEEA9EC1}.Debug|Any CPU.Build.0 = Debug|Any CPU
		{70BF0586-7C27-4031-889C-FC70CEEA9EC1}.Release|Any CPU.ActiveCfg = Release|Any CPU
		{70BF0586-7C27-4031-889C-FC70CEEA9EC1}.Release|Any CPU.Build.0 = Release|Any CPU
	EndGlobalSection
	GlobalSection(SolutionProperties) = preSolution
		HideSolutionNode = FALSE
	EndGlobalSection
	GlobalSection(ExtensibilityGlobals) = postSolution
		SolutionGuid = {9090ABD2-81DB-4666-BB2F-89127159546D}
	EndGlobalSection
EndGlobal
